
Microsoft Visual Studio Solution File, Format Version 12.00
# Visual Studio Version 16
VisualStudioVersion = 16.0.36631.11
MinimumVisualStudioVersion = 10.0.40219.1
Project("{FAE04EC0-301F-11D3-BF4B-00C04F79EFBC}") = "BetterHUD", "TestModForArmaphract\BetterHUD.csproj", "{D76A4637-885A-4B54-8E71-87C4A686CAFF}"
EndProject
Global
	GlobalSection(SolutionConfigurationPlatforms) = preSolution
		Debug|Any CPU = Debug|Any CPU
		Release|Any CPU = Release|Any CPU
	EndGlobalSection
	GlobalSection(ProjectConfigurationPlatforms) = postSolution
		{D76A4637-885A-4B54-8E71-87C4A686CAFF}.Debug|Any CPU.ActiveCfg = Debug|Any CPU
		{D76A4637-885A-4B54-8E71-87C4A686CAFF}.Debug|Any CPU.Build.0 = Debug|Any CPU
		{D76A4637-885A-4B54-8E71-87C4A686CAFF}.Release|Any CPU.ActiveCfg = Release|Any CPU
		{D76A4637-885A-4B54-8E71-87C4A686CAFF}.Release|Any CPU.Build.0 = Release|Any CPU
	EndGlobalSection
	GlobalSection(SolutionProperties) = preSolution
		HideSolutionNode = FALSE
	EndGlobalSection
	GlobalSection(ExtensibilityGlobals) = postSolution
		SolutionGuid = {068653F2-C2A3-4BBF-ACBC-5F8F81A03EE9}
	EndGlobalSection
EndGlobal
